
Microsoft Visual Studio Solution File, Format Version 12.00
# Visual Studio Version 16
VisualStudioVersion = 16.0.30002.166
MinimumVisualStudioVersion = 10.0.40219.1
Project("{00D1A9C2-B5F0-4AF3-8072-F6C62B433612}") = "wjapool", "wjapool\wjapool.sqlproj", "{25B2BDA0-E56F-40C8-9A4E-9050DBE27A2A}"
EndProject
Global
	GlobalSection(SolutionConfigurationPlatforms) = preSolution
		Debug|Any CPU = Debug|Any CPU
		Release|Any CPU = Release|Any CPU
	EndGlobalSection
	GlobalSection(ProjectConfigurationPlatforms) = postSolution
		{25B2BDA0-E56F-40C8-9A4E-9050DBE27A2A}.Debug|Any CPU.ActiveCfg = Debug|Any CPU
		{25B2BDA0-E56F-40C8-9A4E-9050DBE27A2A}.Debug|Any CPU.Build.0 = Debug|Any CPU
		{25B2BDA0-E56F-40C8-9A4E-9050DBE27A2A}.Debug|Any CPU.Deploy.0 = Debug|Any CPU
		{25B2BDA0-E56F-40C8-9A4E-9050DBE27A2A}.Release|Any CPU.ActiveCfg = Release|Any CPU
		{25B2BDA0-E56F-40C8-9A4E-9050DBE27A2A}.Release|Any CPU.Build.0 = Release|Any CPU
		{25B2BDA0-E56F-40C8-9A4E-9050DBE27A2A}.Release|Any CPU.Deploy.0 = Release|Any CPU
	EndGlobalSection
	GlobalSection(SolutionProperties) = preSolution
		HideSolutionNode = FALSE
	EndGlobalSection
	GlobalSection(ExtensibilityGlobals) = postSolution
		SolutionGuid = {FBF53905-5376-42A8-85D6-B6B4FB97B680}
	EndGlobalSection
EndGlobal
